
Microsoft Visual Studio Solution File, Format Version 12.00
# Visual Studio Version 17
VisualStudioVersion = 17.13.35931.197 d17.13
MinimumVisualStudioVersion = 10.0.40219.1
Project("{FAE04EC0-301F-11D3-BF4B-00C04F79EFBC}") = "SimpleBankSystem", "SimpleBankSystem\SimpleBankSystem.csproj", "{CAA60509-80B5-4FE5-9EBF-60B0949F47F8}"
EndProject
Global
	GlobalSection(SolutionConfigurationPlatforms) = preSolution
		Debug|Any CPU = Debug|Any CPU
		Release|Any CPU = Release|Any CPU
	EndGlobalSection
	GlobalSection(ProjectConfigurationPlatforms) = postSolution
		{CAA60509-80B5-4FE5-9EBF-60B0949F47F8}.Debug|Any CPU.ActiveCfg = Debug|Any CPU
		{CAA60509-80B5-4FE5-9EBF-60B0949F47F8}.Debug|Any CPU.Build.0 = Debug|Any CPU
		{CAA60509-80B5-4FE5-9EBF-60B0949F47F8}.Release|Any CPU.ActiveCfg = Release|Any CPU
		{CAA60509-80B5-4FE5-9EBF-60B0949F47F8}.Release|Any CPU.Build.0 = Release|Any CPU
	EndGlobalSection
	GlobalSection(SolutionProperties) = preSolution
		HideSolutionNode = FALSE
	EndGlobalSection
	GlobalSection(ExtensibilityGlobals) = postSolution
		SolutionGuid = {46FE3E8E-B8C8-409D-ADF8-FF6D10E3B8D2}
	EndGlobalSection
EndGlobal
